
Microsoft Visual Studio Solution File, Format Version 12.00
# Visual Studio Version 17
VisualStudioVersion = 17.0.31903.59
MinimumVisualStudioVersion = 10.0.40219.1
Project("{FAE04EC0-301F-11D3-BF4B-00C04F79EFBC}") = "Knox.DDD.Abstractions", "Knox.DDD.Abstractions\Knox.DDD.Abstractions.csproj", "{1ABED591-9588-4E74-B721-1BD5A88AB3E7}"
EndProject
Global
	GlobalSection(SolutionConfigurationPlatforms) = preSolution
		Debug|Any CPU = Debug|Any CPU
		Release|Any CPU = Release|Any CPU
	EndGlobalSection
	GlobalSection(ProjectConfigurationPlatforms) = postSolution
		{1ABED591-9588-4E74-B721-1BD5A88AB3E7}.Debug|Any CPU.ActiveCfg = Debug|Any CPU
		{1ABED591-9588-4E74-B721-1BD5A88AB3E7}.Debug|Any CPU.Build.0 = Debug|Any CPU
		{1ABED591-9588-4E74-B721-1BD5A88AB3E7}.Release|Any CPU.ActiveCfg = Release|Any CPU
		{1ABED591-9588-4E74-B721-1BD5A88AB3E7}.Release|Any CPU.Build.0 = Release|Any CPU
	EndGlobalSection
	GlobalSection(SolutionProperties) = preSolution
		HideSolutionNode = FALSE
	EndGlobalSection
	GlobalSection(ExtensibilityGlobals) = postSolution
		SolutionGuid = {127F75D8-5B5C-4C28-9265-96545215A26F}
	EndGlobalSection
EndGlobal
